
Microsoft Visual Studio Solution File, Format Version 12.00
# Visual Studio Version 16
VisualStudioVersion = 16.0.30717.126
MinimumVisualStudioVersion = 10.0.40219.1
Project("{FAE04EC0-301F-11D3-BF4B-00C04F79EFBC}") = "Mapper.Core", "Mapper.Core\Mapper.Core.csproj", "{B0DB2010-D112-416A-9F84-37EA014C1E3C}"
EndProject
Project("{FAE04EC0-301F-11D3-BF4B-00C04F79EFBC}") = "Mapper.Entity", "Mapper.Entity\Mapper.Entity.csproj", "{574DAFA8-EA21-4687-B17F-6644C5A36B93}"
EndProject
Project("{FAE04EC0-301F-11D3-BF4B-00C04F79EFBC}") = "Mapper.DTO", "Mapper.DTO\Mapper.DTO.csproj", "{BE67D187-D72A-47CF-A50A-150F7B704BAA}"
EndProject
Project("{2150E333-8FDC-42A3-9474-1A3956D46DE8}") = "Models", "Models", "{F946A553-C2AC-4F59-9668-06DA3A761513}"
EndProject
Project("{2150E333-8FDC-42A3-9474-1A3956D46DE8}") = "Core", "Core", "{B2632153-0FA8-4EC0-8335-A82647FB6415}"
EndProject
Project("{2150E333-8FDC-42A3-9474-1A3956D46DE8}") = "Libraries", "Libraries", "{5D7512A6-4A8D-48DD-8F3C-D46211A1D9AA}"
EndProject
Project("{FAE04EC0-301F-11D3-BF4B-00C04F79EFBC}") = "Mapper.AutoMapperLibrary", "Mapper.AutoMapperLibrary\Mapper.AutoMapperLibrary.csproj", "{ED6C7F93-7348-4376-AD63-28E562D37EDA}"
EndProject
Project("{2150E333-8FDC-42A3-9474-1A3956D46DE8}") = "Apps", "Apps", "{39436559-FD58-46AB-BD7E-53E23D3DFCD6}"
EndProject
Project("{FAE04EC0-301F-11D3-BF4B-00C04F79EFBC}") = "Mapper.MapsterLibrary", "Mapper.MapsterLibrary\Mapper.MapsterLibrary.csproj", "{93877698-1CF5-414A-AAEE-525486E95145}"
EndProject
Project("{FAE04EC0-301F-11D3-BF4B-00C04F79EFBC}") = "Mapper.AgileMapperLibrary", "Mapper.AgileMapperLibrary\Mapper.AgileMapperLibrary.csproj", "{F52D1EF8-9138-49FC-B324-895500F764EC}"
EndProject
Project("{FAE04EC0-301F-11D3-BF4B-00C04F79EFBC}") = "Mapper.ExpressMapperLibrary", "Mapper.ExpressMapperLibrary\Mapper.ExpressMapperLibrary.csproj", "{AB2B2A8C-E151-49BB-B255-2ECBA6119322}"
EndProject
Project("{FAE04EC0-301F-11D3-BF4B-00C04F79EFBC}") = "Mapper.Logic", "Mapper.Logic\Mapper.Logic.csproj", "{EC07469E-F3AA-4B14-B5F2-E8009023FFB9}"
EndProject
Project("{FAE04EC0-301F-11D3-BF4B-00C04F79EFBC}") = "Mapper.TinyMapperLibrary", "Mapper.TinyMapperLibrary\Mapper.TinyMapperLibrary.csproj", "{15C0CE80-BF64-48FE-8BC2-5B00BD7E93E8}"
EndProject
Project("{FAE04EC0-301F-11D3-BF4B-00C04F79EFBC}") = "Mapper.Models", "Mapper.Models\Mapper.Models.csproj", "{D7FB0A83-EF1F-4F72-9A30-1F210CD12FDE}"
EndProject
Project("{FAE04EC0-301F-11D3-BF4B-00C04F79EFBC}") = "Mapper.ConsoleApp", "Mapper.ConsoleApp\Mapper.ConsoleApp.csproj", "{A9AA6130-2197-4267-9762-4A53E9EF8CB7}"
EndProject
Global
	GlobalSection(SolutionConfigurationPlatforms) = preSolution
		Debug|Any CPU = Debug|Any CPU
		Release|Any CPU = Release|Any CPU
	EndGlobalSection
	GlobalSection(ProjectConfigurationPlatforms) = postSolution
		{B0DB2010-D112-416A-9F84-37EA014C1E3C}.Debug|Any CPU.ActiveCfg = Debug|Any CPU
		{B0DB2010-D112-416A-9F84-37EA014C1E3C}.Debug|Any CPU.Build.0 = Debug|Any CPU
		{B0DB2010-D112-416A-9F84-37EA014C1E3C}.Release|Any CPU.ActiveCfg = Release|Any CPU
		{B0DB2010-D112-416A-9F84-37EA014C1E3C}.Release|Any CPU.Build.0 = Release|Any CPU
		{574DAFA8-EA21-4687-B17F-6644C5A36B93}.Debug|Any CPU.ActiveCfg = Debug|Any CPU
		{574DAFA8-EA21-4687-B17F-6644C5A36B93}.Debug|Any CPU.Build.0 = Debug|Any CPU
		{574DAFA8-EA21-4687-B17F-6644C5A36B93}.Release|Any CPU.ActiveCfg = Release|Any CPU
		{574DAFA8-EA21-4687-B17F-6644C5A36B93}.Release|Any CPU.Build.0 = Release|Any CPU
		{BE67D187-D72A-47CF-A50A-150F7B704BAA}.Debug|Any CPU.ActiveCfg = Debug|Any CPU
		{BE67D187-D72A-47CF-A50A-150F7B704BAA}.Debug|Any CPU.Build.0 = Debug|Any CPU
		{BE67D187-D72A-47CF-A50A-150F7B704BAA}.Release|Any CPU.ActiveCfg = Release|Any CPU
		{BE67D187-D72A-47CF-A50A-150F7B704BAA}.Release|Any CPU.Build.0 = Release|Any CPU
		{ED6C7F93-7348-4376-AD63-28E562D37EDA}.Debug|Any CPU.ActiveCfg = Debug|Any CPU
		{ED6C7F93-7348-4376-AD63-28E562D37EDA}.Debug|Any CPU.Build.0 = Debug|Any CPU
		{ED6C7F93-7348-4376-AD63-28E562D37EDA}.Release|Any CPU.ActiveCfg = Release|Any CPU
		{ED6C7F93-7348-4376-AD63-28E562D37EDA}.Release|Any CPU.Build.0 = Release|Any CPU
		{93877698-1CF5-414A-AAEE-525486E95145}.Debug|Any CPU.ActiveCfg = Debug|Any CPU
		{93877698-1CF5-414A-AAEE-525486E95145}.Debug|Any CPU.Build.0 = Debug|Any CPU
		{93877698-1CF5-414A-AAEE-525486E95145}.Release|Any CPU.ActiveCfg = Release|Any CPU
		{93877698-1CF5-414A-AAEE-525486E95145}.Release|Any CPU.Build.0 = Release|Any CPU
		{F52D1EF8-9138-49FC-B324-895500F764EC}.Debug|Any CPU.ActiveCfg = Debug|Any CPU
		{F52D1EF8-9138-49FC-B324-895500F764EC}.Debug|Any CPU.Build.0 = Debug|Any CPU
		{F52D1EF8-9138-49FC-B324-895500F764EC}.Release|Any CPU.ActiveCfg = Release|Any CPU
		{F52D1EF8-9138-49FC-B324-895500F764EC}.Release|Any CPU.Build.0 = Release|Any CPU
		{AB2B2A8C-E151-49BB-B255-2ECBA6119322}.Debug|Any CPU.ActiveCfg = Debug|Any CPU
		{AB2B2A8C-E151-49BB-B255-2ECBA6119322}.Debug|Any CPU.Build.0 = Debug|Any CPU
		{AB2B2A8C-E151-49BB-B255-2ECBA6119322}.Release|Any CPU.ActiveCfg = Release|Any CPU
		{AB2B2A8C-E151-49BB-B255-2ECBA6119322}.Release|Any CPU.Build.0 = Release|Any CPU
		{EC07469E-F3AA-4B14-B5F2-E8009023FFB9}.Debug|Any CPU.ActiveCfg = Debug|Any CPU
		{EC07469E-F3AA-4B14-B5F2-E8009023FFB9}.Debug|Any CPU.Build.0 = Debug|Any CPU
		{EC07469E-F3AA-4B14-B5F2-E8009023FFB9}.Release|Any CPU.ActiveCfg = Release|Any CPU
		{EC07469E-F3AA-4B14-B5F2-E8009023FFB9}.Release|Any CPU.Build.0 = Release|Any CPU
		{15C0CE80-BF64-48FE-8BC2-5B00BD7E93E8}.Debug|Any CPU.ActiveCfg = Debug|Any CPU
		{15C0CE80-BF64-48FE-8BC2-5B00BD7E93E8}.Debug|Any CPU.Build.0 = Debug|Any CPU
		{15C0CE80-BF64-48FE-8BC2-5B00BD7E93E8}.Release|Any CPU.ActiveCfg = Release|Any CPU
		{15C0CE80-BF64-48FE-8BC2-5B00BD7E93E8}.Release|Any CPU.Build.0 = Release|Any CPU
		{D7FB0A83-EF1F-4F72-9A30-1F210CD12FDE}.Debug|Any CPU.ActiveCfg = Debug|Any CPU
		{D7FB0A83-EF1F-4F72-9A30-1F210CD12FDE}.Debug|Any CPU.Build.0 = Debug|Any CPU
		{D7FB0A83-EF1F-4F72-9A30-1F210CD12FDE}.Release|Any CPU.ActiveCfg = Release|Any CPU
		{D7FB0A83-EF1F-4F72-9A30-1F210CD12FDE}.Release|Any CPU.Build.0 = Release|Any CPU
		{A9AA6130-2197-4267-9762-4A53E9EF8CB7}.Debug|Any CPU.ActiveCfg = Debug|Any CPU
		{A9AA6130-2197-4267-9762-4A53E9EF8CB7}.Debug|Any CPU.Build.0 = Debug|Any CPU
		{A9AA6130-2197-4267-9762-4A53E9EF8CB7}.Release|Any CPU.ActiveCfg = Release|Any CPU
		{A9AA6130-2197-4267-9762-4A53E9EF8CB7}.Release|Any CPU.Build.0 = Release|Any CPU
	EndGlobalSection
	GlobalSection(SolutionProperties) = preSolution
		HideSolutionNode = FALSE
	EndGlobalSection
	GlobalSection(NestedProjects) = preSolution
		{B0DB2010-D112-416A-9F84-37EA014C1E3C} = {B2632153-0FA8-4EC0-8335-A82647FB6415}
		{574DAFA8-EA21-4687-B17F-6644C5A36B93} = {F946A553-C2AC-4F59-9668-06DA3A761513}
		{BE67D187-D72A-47CF-A50A-150F7B704BAA} = {F946A553-C2AC-4F59-9668-06DA3A761513}
		{ED6C7F93-7348-4376-AD63-28E562D37EDA} = {5D7512A6-4A8D-48DD-8F3C-D46211A1D9AA}
		{93877698-1CF5-414A-AAEE-525486E95145} = {5D7512A6-4A8D-48DD-8F3C-D46211A1D9AA}
		{F52D1EF8-9138-49FC-B324-895500F764EC} = {5D7512A6-4A8D-48DD-8F3C-D46211A1D9AA}
		{AB2B2A8C-E151-49BB-B255-2ECBA6119322} = {5D7512A6-4A8D-48DD-8F3C-D46211A1D9AA}
		{EC07469E-F3AA-4B14-B5F2-E8009023FFB9} = {B2632153-0FA8-4EC0-8335-A82647FB6415}
		{15C0CE80-BF64-48FE-8BC2-5B00BD7E93E8} = {5D7512A6-4A8D-48DD-8F3C-D46211A1D9AA}
		{D7FB0A83-EF1F-4F72-9A30-1F210CD12FDE} = {F946A553-C2AC-4F59-9668-06DA3A761513}
		{A9AA6130-2197-4267-9762-4A53E9EF8CB7} = {39436559-FD58-46AB-BD7E-53E23D3DFCD6}
	EndGlobalSection
	GlobalSection(ExtensibilityGlobals) = postSolution
		SolutionGuid = {6B2429CF-ACBD-4831-B27D-30CF25C6C318}
	EndGlobalSection
EndGlobal
